// !$*UTF8*$!
{
	archiveVersion = 1;
	classes = {
	};
	objectVersion = 50;
	objects = {

/* Begin PBXBuildFile section */
		9A06CF4F2078D12E003CEA44 /* main.swift in Sources */ = {isa = PBXBuildFile; fileRef = 9A06CF4E2078D12E003CEA44 /* main.swift */; };
		9A06CF572078D14B003CEA44 /* Nori.swift in Sources */ = {isa = PBXBuildFile; fileRef = 9A06CF562078D14B003CEA44 /* Nori.swift */; };
		9A06CF592078D8BD003CEA44 /* IncomingMessage.swift in Sources */ = {isa = PBXBuildFile; fileRef = 9A06CF582078D8BD003CEA44 /* IncomingMessage.swift */; };
		9A06CF5B2078D939003CEA44 /* ServerResponse.swift in Sources */ = {isa = PBXBuildFile; fileRef = 9A06CF5A2078D939003CEA44 /* ServerResponse.swift */; };
		9A06CF5E2078DC5F003CEA44 /* Middleware.swift in Sources */ = {isa = PBXBuildFile; fileRef = 9A06CF5D2078DC5F003CEA44 /* Middleware.swift */; };
		9A06CF602078DCA7003CEA44 /* Router.swift in Sources */ = {isa = PBXBuildFile; fileRef = 9A06CF5F2078DCA7003CEA44 /* Router.swift */; };
		9A06CF622078E465003CEA44 /* QueryString.swift in Sources */ = {isa = PBXBuildFile; fileRef = 9A06CF612078E465003CEA44 /* QueryString.swift */; };
		9A06CF662078EAB1003CEA44 /* Food.swift in Sources */ = {isa = PBXBuildFile; fileRef = 9A06CF652078EAB1003CEA44 /* Food.swift */; };
		9A06CF692078EB5C003CEA44 /* ServerResponse+Extensions.swift in Sources */ = {isa = PBXBuildFile; fileRef = 9A06CF682078EB5C003CEA44 /* ServerResponse+Extensions.swift */; };
/* End PBXBuildFile section */

/* Begin PBXFileReference section */
		9A06CF4B2078D12E003CEA44 /* Nori */ = {isa = PBXFileReference; explicitFileType = "compiled.mach-o.executable"; includeInIndex = 0; path = Nori; sourceTree = BUILT_PRODUCTS_DIR; };
		9A06CF4E2078D12E003CEA44 /* main.swift */ = {isa = PBXFileReference; lastKnownFileType = sourcecode.swift; name = main.swift; path = Sources/Nori/main.swift; sourceTree = "<group>"; };
		9A06CF502078D12E003CEA44 /* Package.swift */ = {isa = PBXFileReference; lastKnownFileType = sourcecode.swift; path = Package.swift; sourceTree = "<group>"; };
		9A06CF562078D14B003CEA44 /* Nori.swift */ = {isa = PBXFileReference; lastKnownFileType = sourcecode.swift; path = Nori.swift; sourceTree = "<group>"; };
		9A06CF582078D8BD003CEA44 /* IncomingMessage.swift */ = {isa = PBXFileReference; lastKnownFileType = sourcecode.swift; path = IncomingMessage.swift; sourceTree = "<group>"; };
		9A06CF5A2078D939003CEA44 /* ServerResponse.swift */ = {isa = PBXFileReference; lastKnownFileType = sourcecode.swift; path = ServerResponse.swift; sourceTree = "<group>"; };
		9A06CF5D2078DC5F003CEA44 /* Middleware.swift */ = {isa = PBXFileReference; lastKnownFileType = sourcecode.swift; path = Middleware.swift; sourceTree = "<group>"; };
		9A06CF5F2078DCA7003CEA44 /* Router.swift */ = {isa = PBXFileReference; lastKnownFileType = sourcecode.swift; path = Router.swift; sourceTree = "<group>"; };
		9A06CF612078E465003CEA44 /* QueryString.swift */ = {isa = PBXFileReference; lastKnownFileType = sourcecode.swift; path = QueryString.swift; sourceTree = "<group>"; };
		9A06CF652078EAB1003CEA44 /* Food.swift */ = {isa = PBXFileReference; lastKnownFileType = sourcecode.swift; path = Food.swift; sourceTree = "<group>"; };
		9A06CF682078EB5C003CEA44 /* ServerResponse+Extensions.swift */ = {isa = PBXFileReference; lastKnownFileType = sourcecode.swift; path = "ServerResponse+Extensions.swift"; sourceTree = "<group>"; };
/* End PBXFileReference section */

/* Begin PBXFrameworksBuildPhase section */
		9A06CF492078D12E003CEA44 /* Frameworks */ = {
			isa = PBXFrameworksBuildPhase;
			buildActionMask = 2147483647;
			files = (
			);
			runOnlyForDeploymentPostprocessing = 0;
		};
/* End PBXFrameworksBuildPhase section */

/* Begin PBXGroup section */
		9A06CF422078D12E003CEA44 = {
			isa = PBXGroup;
			children = (
				9A06CF4D2078D12E003CEA44 /* Nori */,
				9A06CF4C2078D12E003CEA44 /* Products */,
			);
			sourceTree = "<group>";
		};
		9A06CF4C2078D12E003CEA44 /* Products */ = {
			isa = PBXGroup;
			children = (
				9A06CF4B2078D12E003CEA44 /* Nori */,
			);
			name = Products;
			sourceTree = "<group>";
		};
		9A06CF4D2078D12E003CEA44 /* Nori */ = {
			isa = PBXGroup;
			children = (
				9A06CF632078E48F003CEA44 /* Middleware */,
				9A06CF642078EA98003CEA44 /* Models */,
				9A06CF5C2078DAD2003CEA44 /* Core */,
				9A06CF4E2078D12E003CEA44 /* main.swift */,
				9A06CF502078D12E003CEA44 /* Package.swift */,
			);
			path = Nori;
			sourceTree = "<group>";
		};
		9A06CF5C2078DAD2003CEA44 /* Core */ = {
			isa = PBXGroup;
			children = (
				9A06CF672078EB48003CEA44 /* Extensions */,
				9A06CF562078D14B003CEA44 /* Nori.swift */,
				9A06CF582078D8BD003CEA44 /* IncomingMessage.swift */,
				9A06CF5A2078D939003CEA44 /* ServerResponse.swift */,
				9A06CF5F2078DCA7003CEA44 /* Router.swift */,
			);
			path = Core;
			sourceTree = "<group>";
		};
		9A06CF632078E48F003CEA44 /* Middleware */ = {
			isa = PBXGroup;
			children = (
				9A06CF5D2078DC5F003CEA44 /* Middleware.swift */,
				9A06CF612078E465003CEA44 /* QueryString.swift */,
			);
			path = Middleware;
			sourceTree = "<group>";
		};
		9A06CF642078EA98003CEA44 /* Models */ = {
			isa = PBXGroup;
			children = (
				9A06CF652078EAB1003CEA44 /* Food.swift */,
			);
			path = Models;
			sourceTree = "<group>";
		};
		9A06CF672078EB48003CEA44 /* Extensions */ = {
			isa = PBXGroup;
			children = (
				9A06CF682078EB5C003CEA44 /* ServerResponse+Extensions.swift */,
			);
			path = Extensions;
			sourceTree = "<group>";
		};
/* End PBXGroup section */

/* Begin PBXNativeTarget section */
		9A06CF4A2078D12E003CEA44 /* Nori */ = {
			isa = PBXNativeTarget;
			buildConfigurationList = 9A06CF532078D12E003CEA44 /* Build configuration list for PBXNativeTarget "Nori" */;
			buildPhases = (
				9A06CF472078D12E003CEA44 /* Build Swift Package Manager Dependencies */,
				9A06CF482078D12E003CEA44 /* Sources */,
				9A06CF492078D12E003CEA44 /* Frameworks */,
			);
			buildRules = (
			);
			dependencies = (
			);
			name = Nori;
			productName = Nori;
			productReference = 9A06CF4B2078D12E003CEA44 /* Nori */;
			productType = "com.apple.product-type.tool";
		};
/* End PBXNativeTarget section */

/* Begin PBXProject section */
		9A06CF432078D12E003CEA44 /* Project object */ = {
			isa = PBXProject;
			attributes = {
				LastSwiftUpdateCheck = 0930;
				LastUpgradeCheck = 0930;
				ORGANIZATIONNAME = "John Crossley";
				TargetAttributes = {
					9A06CF4A2078D12E003CEA44 = {
						CreatedOnToolsVersion = 9.3;
					};
				};
			};
			buildConfigurationList = 9A06CF462078D12E003CEA44 /* Build configuration list for PBXProject "Nori" */;
			compatibilityVersion = "Xcode 9.3";
			developmentRegion = en;
			hasScannedForEncodings = 0;
			knownRegions = (
				en,
			);
			mainGroup = 9A06CF422078D12E003CEA44;
			productRefGroup = 9A06CF4C2078D12E003CEA44 /* Products */;
			projectDirPath = "";
			projectRoot = "";
			targets = (
				9A06CF4A2078D12E003CEA44 /* Nori */,
			);
		};
/* End PBXProject section */

/* Begin PBXShellScriptBuildPhase section */
		9A06CF472078D12E003CEA44 /* Build Swift Package Manager Dependencies */ = {
			isa = PBXShellScriptBuildPhase;
			buildActionMask = 2147483647;
			files = (
			);
			inputPaths = (
			);
			name = "Build Swift Package Manager Dependencies";
			outputPaths = (
			);
			runOnlyForDeploymentPostprocessing = 0;
			shellPath = /bin/sh;
			shellScript = "SPM_IMAGE=SwiftNIO verbose=no swift xcode build";
		};
/* End PBXShellScriptBuildPhase section */

/* Begin PBXSourcesBuildPhase section */
		9A06CF482078D12E003CEA44 /* Sources */ = {
			isa = PBXSourcesBuildPhase;
			buildActionMask = 2147483647;
			files = (
				9A06CF5E2078DC5F003CEA44 /* Middleware.swift in Sources */,
				9A06CF592078D8BD003CEA44 /* IncomingMessage.swift in Sources */,
				9A06CF5B2078D939003CEA44 /* ServerResponse.swift in Sources */,
				9A06CF4F2078D12E003CEA44 /* main.swift in Sources */,
				9A06CF602078DCA7003CEA44 /* Router.swift in Sources */,
				9A06CF662078EAB1003CEA44 /* Food.swift in Sources */,
				9A06CF692078EB5C003CEA44 /* ServerResponse+Extensions.swift in Sources */,
				9A06CF622078E465003CEA44 /* QueryString.swift in Sources */,
				9A06CF572078D14B003CEA44 /* Nori.swift in Sources */,
			);
			runOnlyForDeploymentPostprocessing = 0;
		};
/* End PBXSourcesBuildPhase section */

/* Begin XCBuildConfiguration section */
		9A06CF512078D12E003CEA44 /* Debug */ = {
			isa = XCBuildConfiguration;
			buildSettings = {
				ALWAYS_SEARCH_USER_PATHS = NO;
				CLANG_ANALYZER_NONNULL = YES;
				CLANG_ANALYZER_NUMBER_OBJECT_CONVERSION = YES_AGGRESSIVE;
				CLANG_CXX_LANGUAGE_STANDARD = "gnu++14";
				CLANG_CXX_LIBRARY = "libc++";
				CLANG_ENABLE_MODULES = YES;
				CLANG_ENABLE_OBJC_ARC = YES;
				CLANG_ENABLE_OBJC_WEAK = YES;
				CLANG_WARN_BLOCK_CAPTURE_AUTORELEASING = YES;
				CLANG_WARN_BOOL_CONVERSION = YES;
				CLANG_WARN_COMMA = YES;
				CLANG_WARN_CONSTANT_CONVERSION = YES;
				CLANG_WARN_DEPRECATED_OBJC_IMPLEMENTATIONS = YES;
				CLANG_WARN_DIRECT_OBJC_ISA_USAGE = YES_ERROR;
				CLANG_WARN_DOCUMENTATION_COMMENTS = YES;
				CLANG_WARN_EMPTY_BODY = YES;
				CLANG_WARN_ENUM_CONVERSION = YES;
				CLANG_WARN_INFINITE_RECURSION = YES;
				CLANG_WARN_INT_CONVERSION = YES;
				CLANG_WARN_NON_LITERAL_NULL_CONVERSION = YES;
				CLANG_WARN_OBJC_IMPLICIT_RETAIN_SELF = YES;
				CLANG_WARN_OBJC_LITERAL_CONVERSION = YES;
				CLANG_WARN_OBJC_ROOT_CLASS = YES_ERROR;
				CLANG_WARN_RANGE_LOOP_ANALYSIS = YES;
				CLANG_WARN_STRICT_PROTOTYPES = YES;
				CLANG_WARN_SUSPICIOUS_MOVE = YES;
				CLANG_WARN_UNGUARDED_AVAILABILITY = YES_AGGRESSIVE;
				CLANG_WARN_UNREACHABLE_CODE = YES;
				CLANG_WARN__DUPLICATE_METHOD_MATCH = YES;
				CODE_SIGN_IDENTITY = "-";
				COPY_PHASE_STRIP = NO;
				DEBUG_INFORMATION_FORMAT = dwarf;
				ENABLE_STRICT_OBJC_MSGSEND = YES;
				ENABLE_TESTABILITY = YES;
				GCC_C_LANGUAGE_STANDARD = gnu11;
				GCC_DYNAMIC_NO_PIC = NO;
				GCC_NO_COMMON_BLOCKS = YES;
				GCC_OPTIMIZATION_LEVEL = 0;
				GCC_PREPROCESSOR_DEFINITIONS = (
					"DEBUG=1",
					"$(inherited)",
				);
				GCC_WARN_64_TO_32_BIT_CONVERSION = YES;
				GCC_WARN_ABOUT_RETURN_TYPE = YES_ERROR;
				GCC_WARN_UNDECLARED_SELECTOR = YES;
				GCC_WARN_UNINITIALIZED_AUTOS = YES_AGGRESSIVE;
				GCC_WARN_UNUSED_FUNCTION = YES;
				GCC_WARN_UNUSED_VARIABLE = YES;
				MACOSX_DEPLOYMENT_TARGET = 10.13;
				MTL_ENABLE_DEBUG_INFO = YES;
				ONLY_ACTIVE_ARCH = YES;
				SDKROOT = macosx;
			};
			name = Debug;
		};
		9A06CF522078D12E003CEA44 /* Release */ = {
			isa = XCBuildConfiguration;
			buildSettings = {
				ALWAYS_SEARCH_USER_PATHS = NO;
				CLANG_ANALYZER_NONNULL = YES;
				CLANG_ANALYZER_NUMBER_OBJECT_CONVERSION = YES_AGGRESSIVE;
				CLANG_CXX_LANGUAGE_STANDARD = "gnu++14";
				CLANG_CXX_LIBRARY = "libc++";
				CLANG_ENABLE_MODULES = YES;
				CLANG_ENABLE_OBJC_ARC = YES;
				CLANG_ENABLE_OBJC_WEAK = YES;
				CLANG_WARN_BLOCK_CAPTURE_AUTORELEASING = YES;
				CLANG_WARN_BOOL_CONVERSION = YES;
				CLANG_WARN_COMMA = YES;
				CLANG_WARN_CONSTANT_CONVERSION = YES;
				CLANG_WARN_DEPRECATED_OBJC_IMPLEMENTATIONS = YES;
				CLANG_WARN_DIRECT_OBJC_ISA_USAGE = YES_ERROR;
				CLANG_WARN_DOCUMENTATION_COMMENTS = YES;
				CLANG_WARN_EMPTY_BODY = YES;
				CLANG_WARN_ENUM_CONVERSION = YES;
				CLANG_WARN_INFINITE_RECURSION = YES;
				CLANG_WARN_INT_CONVERSION = YES;
				CLANG_WARN_NON_LITERAL_NULL_CONVERSION = YES;
				CLANG_WARN_OBJC_IMPLICIT_RETAIN_SELF = YES;
				CLANG_WARN_OBJC_LITERAL_CONVERSION = YES;
				CLANG_WARN_OBJC_ROOT_CLASS = YES_ERROR;
				CLANG_WARN_RANGE_LOOP_ANALYSIS = YES;
				CLANG_WARN_STRICT_PROTOTYPES = YES;
				CLANG_WARN_SUSPICIOUS_MOVE = YES;
				CLANG_WARN_UNGUARDED_AVAILABILITY = YES_AGGRESSIVE;
				CLANG_WARN_UNREACHABLE_CODE = YES;
				CLANG_WARN__DUPLICATE_METHOD_MATCH = YES;
				CODE_SIGN_IDENTITY = "-";
				COPY_PHASE_STRIP = NO;
				DEBUG_INFORMATION_FORMAT = "dwarf-with-dsym";
				ENABLE_NS_ASSERTIONS = NO;
				ENABLE_STRICT_OBJC_MSGSEND = YES;
				GCC_C_LANGUAGE_STANDARD = gnu11;
				GCC_NO_COMMON_BLOCKS = YES;
				GCC_WARN_64_TO_32_BIT_CONVERSION = YES;
				GCC_WARN_ABOUT_RETURN_TYPE = YES_ERROR;
				GCC_WARN_UNDECLARED_SELECTOR = YES;
				GCC_WARN_UNINITIALIZED_AUTOS = YES_AGGRESSIVE;
				GCC_WARN_UNUSED_FUNCTION = YES;
				GCC_WARN_UNUSED_VARIABLE = YES;
				MACOSX_DEPLOYMENT_TARGET = 10.13;
				MTL_ENABLE_DEBUG_INFO = NO;
				SDKROOT = macosx;
			};
			name = Release;
		};
		9A06CF542078D12E003CEA44 /* Debug */ = {
			isa = XCBuildConfiguration;
			buildSettings = {
				CODE_SIGN_STYLE = Automatic;
				HEADER_SEARCH_PATHS = "$(SRCROOT)/$(PRODUCT_NAME)/.buildzz/.build/Xcode/$(PLATFORM_PREFERRED_ARCH)-apple-$(SWIFT_PLATFORM_TARGET_PREFIX)$($(DEPLOYMENT_TARGET_SETTING_NAME))/$(CONFIGURATION)";
				LIBRARY_SEARCH_PATHS = "$(SRCROOT)/$(PRODUCT_NAME)/.buildzz/.build/Xcode/$(PLATFORM_PREFERRED_ARCH)-apple-$(SWIFT_PLATFORM_TARGET_PREFIX)$($(DEPLOYMENT_TARGET_SETTING_NAME))/$(CONFIGURATION)";
				OTHER_LDFLAGS = "-lXcodeSPMDependencies";
				PRODUCT_NAME = "$(TARGET_NAME)";
				SWIFT_INCLUDE_PATHS = "$(SRCROOT)/$(PRODUCT_NAME)/.buildzz/.build/$(PLATFORM_PREFERRED_ARCH)-apple-$(SWIFT_PLATFORM_TARGET_PREFIX)$($(DEPLOYMENT_TARGET_SETTING_NAME))/$(CONFIGURATION)";
				SWIFT_VERSION = 4.0;
			};
			name = Debug;
		};
		9A06CF552078D12E003CEA44 /* Release */ = {
			isa = XCBuildConfiguration;
			buildSettings = {
				CODE_SIGN_STYLE = Automatic;
				HEADER_SEARCH_PATHS = "$(SRCROOT)/$(PRODUCT_NAME)/.buildzz/.build/Xcode/$(PLATFORM_PREFERRED_ARCH)-apple-$(SWIFT_PLATFORM_TARGET_PREFIX)$($(DEPLOYMENT_TARGET_SETTING_NAME))/$(CONFIGURATION)";
				LIBRARY_SEARCH_PATHS = "$(SRCROOT)/$(PRODUCT_NAME)/.buildzz/.build/Xcode/$(PLATFORM_PREFERRED_ARCH)-apple-$(SWIFT_PLATFORM_TARGET_PREFIX)$($(DEPLOYMENT_TARGET_SETTING_NAME))/$(CONFIGURATION)";
				OTHER_LDFLAGS = "-lXcodeSPMDependencies";
				PRODUCT_NAME = "$(TARGET_NAME)";
				SWIFT_INCLUDE_PATHS = "$(SRCROOT)/$(PRODUCT_NAME)/.buildzz/.build/$(PLATFORM_PREFERRED_ARCH)-apple-$(SWIFT_PLATFORM_TARGET_PREFIX)$($(DEPLOYMENT_TARGET_SETTING_NAME))/$(CONFIGURATION)";
				SWIFT_VERSION = 4.0;
			};
			name = Release;
		};
/* End XCBuildConfiguration section */

/* Begin XCConfigurationList section */
		9A06CF462078D12E003CEA44 /* Build configuration list for PBXProject "Nori" */ = {
			isa = XCConfigurationList;
			buildConfigurations = (
				9A06CF512078D12E003CEA44 /* Debug */,
				9A06CF522078D12E003CEA44 /* Release */,
			);
			defaultConfigurationIsVisible = 0;
			defaultConfigurationName = Release;
		};
		9A06CF532078D12E003CEA44 /* Build configuration list for PBXNativeTarget "Nori" */ = {
			isa = XCConfigurationList;
			buildConfigurations = (
				9A06CF542078D12E003CEA44 /* Debug */,
				9A06CF552078D12E003CEA44 /* Release */,
			);
			defaultConfigurationIsVisible = 0;
			defaultConfigurationName = Release;
		};
/* End XCConfigurationList section */
	};
	rootObject = 9A06CF432078D12E003CEA44 /* Project object */;
}
